
Microsoft Visual Studio Solution File, Format Version 12.00
# Visual Studio Version 17
VisualStudioVersion = 17.5.33424.131
MinimumVisualStudioVersion = 10.0.40219.1
Project("{9A19103F-16F7-4668-BE54-9A1E7A4F7556}") = "HotelListing.API", "HotelListing.API\HotelListing.API.csproj", "{2913623F-8319-406E-BD53-6381C32BCD7F}"
EndProject
Project("{FAE04EC0-301F-11D3-BF4B-00C04F79EFBC}") = "HotelListing.API.Data", "HotelListing.API.Data\HotelListing.API.Data.csproj", "{882FA11A-5913-4B5E-9575-D998090A97A2}"
EndProject
Project("{FAE04EC0-301F-11D3-BF4B-00C04F79EFBC}") = "HotelListing.API.Core", "HotelListing.API.Core\HotelListing.API.Core.csproj", "{AD404C43-E505-482E-B932-4D05DC3D1403}"
EndProject
Global
	GlobalSection(SolutionConfigurationPlatforms) = preSolution
		Debug|Any CPU = Debug|Any CPU
		Release|Any CPU = Release|Any CPU
	EndGlobalSection
	GlobalSection(ProjectConfigurationPlatforms) = postSolution
		{2913623F-8319-406E-BD53-6381C32BCD7F}.Debug|Any CPU.ActiveCfg = Debug|Any CPU
		{2913623F-8319-406E-BD53-6381C32BCD7F}.Debug|Any CPU.Build.0 = Debug|Any CPU
		{2913623F-8319-406E-BD53-6381C32BCD7F}.Release|Any CPU.ActiveCfg = Release|Any CPU
		{2913623F-8319-406E-BD53-6381C32BCD7F}.Release|Any CPU.Build.0 = Release|Any CPU
		{882FA11A-5913-4B5E-9575-D998090A97A2}.Debug|Any CPU.ActiveCfg = Debug|Any CPU
		{882FA11A-5913-4B5E-9575-D998090A97A2}.Debug|Any CPU.Build.0 = Debug|Any CPU
		{882FA11A-5913-4B5E-9575-D998090A97A2}.Release|Any CPU.ActiveCfg = Release|Any CPU
		{882FA11A-5913-4B5E-9575-D998090A97A2}.Release|Any CPU.Build.0 = Release|Any CPU
		{AD404C43-E505-482E-B932-4D05DC3D1403}.Debug|Any CPU.ActiveCfg = Debug|Any CPU
		{AD404C43-E505-482E-B932-4D05DC3D1403}.Debug|Any CPU.Build.0 = Debug|Any CPU
		{AD404C43-E505-482E-B932-4D05DC3D1403}.Release|Any CPU.ActiveCfg = Release|Any CPU
		{AD404C43-E505-482E-B932-4D05DC3D1403}.Release|Any CPU.Build.0 = Release|Any CPU
	EndGlobalSection
	GlobalSection(SolutionProperties) = preSolution
		HideSolutionNode = FALSE
	EndGlobalSection
	GlobalSection(ExtensibilityGlobals) = postSolution
		SolutionGuid = {521382DB-3ABC-4D97-8AB3-7E99FD9A3824}
	EndGlobalSection
EndGlobal
